
Microsoft Visual Studio Solution File, Format Version 12.00
# Visual Studio Version 17
VisualStudioVersion = 17.13.35931.197 d17.13
MinimumVisualStudioVersion = 10.0.40219.1
Project("{8BC9CEB8-8B4A-11D0-8D11-00A0C91BC942}") = "system_proj", "system_proj.vcxproj", "{9513A494-BB56-4ABA-8DA3-C2A06016AA26}"
EndProject
Global
	GlobalSection(SolutionConfigurationPlatforms) = preSolution
		Debug|x64 = Debug|x64
		Debug|x86 = Debug|x86
		Release|x64 = Release|x64
		Release|x86 = Release|x86
	EndGlobalSection
	GlobalSection(ProjectConfigurationPlatforms) = postSolution
		{9513A494-BB56-4ABA-8DA3-C2A06016AA26}.Debug|x64.ActiveCfg = Debug|x64
		{9513A494-BB56-4ABA-8DA3-C2A06016AA26}.Debug|x64.Build.0 = Debug|x64
		{9513A494-BB56-4ABA-8DA3-C2A06016AA26}.Debug|x86.ActiveCfg = Debug|Win32
		{9513A494-BB56-4ABA-8DA3-C2A06016AA26}.Debug|x86.Build.0 = Debug|Win32
		{9513A494-BB56-4ABA-8DA3-C2A06016AA26}.Release|x64.ActiveCfg = Release|x64
		{9513A494-BB56-4ABA-8DA3-C2A06016AA26}.Release|x64.Build.0 = Release|x64
		{9513A494-BB56-4ABA-8DA3-C2A06016AA26}.Release|x86.ActiveCfg = Release|Win32
		{9513A494-BB56-4ABA-8DA3-C2A06016AA26}.Release|x86.Build.0 = Release|Win32
	EndGlobalSection
	GlobalSection(SolutionProperties) = preSolution
		HideSolutionNode = FALSE
	EndGlobalSection
	GlobalSection(ExtensibilityGlobals) = postSolution
		SolutionGuid = {319A03A9-6488-4B40-8EF1-A1A07F7317CC}
	EndGlobalSection
EndGlobal
